
Microsoft Visual Studio Solution File, Format Version 12.00
# Visual Studio Version 17
VisualStudioVersion = 17.0.32112.339
MinimumVisualStudioVersion = 10.0.40219.1
Project("{FAE04EC0-301F-11D3-BF4B-00C04F79EFBC}") = "MoviesManager", "MoviesManager\MoviesManager.csproj", "{15A8350B-FF4B-40FB-BEF0-7EF666073DE7}"
EndProject
Global
	GlobalSection(SolutionConfigurationPlatforms) = preSolution
		Debug|Any CPU = Debug|Any CPU
		Release|Any CPU = Release|Any CPU
	EndGlobalSection
	GlobalSection(ProjectConfigurationPlatforms) = postSolution
		{15A8350B-FF4B-40FB-BEF0-7EF666073DE7}.Debug|Any CPU.ActiveCfg = Debug|Any CPU
		{15A8350B-FF4B-40FB-BEF0-7EF666073DE7}.Debug|Any CPU.Build.0 = Debug|Any CPU
		{15A8350B-FF4B-40FB-BEF0-7EF666073DE7}.Release|Any CPU.ActiveCfg = Release|Any CPU
		{15A8350B-FF4B-40FB-BEF0-7EF666073DE7}.Release|Any CPU.Build.0 = Release|Any CPU
	EndGlobalSection
	GlobalSection(SolutionProperties) = preSolution
		HideSolutionNode = FALSE
	EndGlobalSection
	GlobalSection(ExtensibilityGlobals) = postSolution
		SolutionGuid = {4A6353B0-EC11-4EEC-979C-55F35FE9DF90}
	EndGlobalSection
EndGlobal
